{
  "name": "noti",
  "lockfileVersion": 3,
  "requires": true,
  "packages": {
    "": {
      "name": "noti",
      "dependencies": {
        "hono": "^4.6.13"
      },
      "devDependencies": {
        "@types/bun": "latest"
      }
    },
    "node_modules/@types/bun": {
      "version": "1.1.14",
      "resolved": "https://registry.npmjs.org/@types/bun/-/bun-1.1.14.tgz",
      "integrity": "sha512-opVYiFGtO2af0dnWBdZWlioLBoxSdDO5qokaazLhq8XQtGZbY4pY3/JxY8Zdf/hEwGubbp7ErZXoN1+h2yesxA==",
      "dev": true,
      "license": "MIT",
      "dependencies": {
        "bun-types": "1.1.37"
      }
    },
    "node_modules/@types/node": {
      "version": "20.12.14",
      "dev": true,
      "license": "MIT",
      "dependencies": {
        "undici-types": "~5.26.4"
      }
    },
    "node_modules/@types/ws": {
      "version": "8.5.13",
      "dev": true,
      "license": "MIT",
      "dependencies": {
        "@types/node": "*"
      }
    },
    "node_modules/bun-types": {
      "version": "1.1.37",
      "dev": true,
      "license": "MIT",
      "dependencies": {
        "@types/node": "~20.12.8",
        "@types/ws": "~8.5.10"
      }
    },
    "node_modules/hono": {
      "version": "4.6.13",
      "license": "MIT",
      "engines": {
        "node": ">=16.9.0"
      }
    },
    "node_modules/undici-types": {
      "version": "5.26.5",
      "dev": true,
      "license": "MIT"
    }
  }
}
